
Microsoft Visual Studio Solution File, Format Version 12.00
# Visual Studio Version 16
VisualStudioVersion = 16.0.29411.108
MinimumVisualStudioVersion = 10.0.40219.1
Project("{FAE04EC0-301F-11D3-BF4B-00C04F79EFBC}") = "GCD", "GCD.csproj", "{F519D383-3E69-47BE-9E0F-7D2612A9EC19}"
EndProject
Global
	GlobalSection(SolutionConfigurationPlatforms) = preSolution
		Debug|Any CPU = Debug|Any CPU
		Release|Any CPU = Release|Any CPU
	EndGlobalSection
	GlobalSection(ProjectConfigurationPlatforms) = postSolution
		{F519D383-3E69-47BE-9E0F-7D2612A9EC19}.Debug|Any CPU.ActiveCfg = Debug|Any CPU
		{F519D383-3E69-47BE-9E0F-7D2612A9EC19}.Debug|Any CPU.Build.0 = Debug|Any CPU
		{F519D383-3E69-47BE-9E0F-7D2612A9EC19}.Release|Any CPU.ActiveCfg = Release|Any CPU
		{F519D383-3E69-47BE-9E0F-7D2612A9EC19}.Release|Any CPU.Build.0 = Release|Any CPU
	EndGlobalSection
	GlobalSection(SolutionProperties) = preSolution
		HideSolutionNode = FALSE
	EndGlobalSection
	GlobalSection(ExtensibilityGlobals) = postSolution
		SolutionGuid = {9FC0C587-AFD9-44B9-9128-268227E70D16}
	EndGlobalSection
EndGlobal
